{
    "_readme": [
        "This file locks the dependencies of your project to a known state",
        "Read more about it at https://getcomposer.org/doc/01-basic-usage.md#composer-lock-the-lock-file",
        "This file is @generated automatically"
    ],
    "content-hash": "5db09a8c7e69d7f2f0c578a106f2a9f9",
    "packages": [
        {
            "name": "channelengine/api-client-php",
            "version": "dev-api-v1",
            "source": {
                "type": "git",
                "url": "https://github.com/channelengine/api-client-php.git",
                "reference": "fc7eeb1044000b98b3608bb2837f774a4b598981"
            },
            "dist": {
                "type": "zip",
                "url": "https://api.github.com/repos/channelengine/api-client-php/zipball/fc7eeb1044000b98b3608bb2837f774a4b598981",
                "reference": "fc7eeb1044000b98b3608bb2837f774a4b598981",
                "shasum": ""
            },
            "require": {
                "ext-curl": "*",
                "php": ">=5.3.0"
            },
            "type": "library",
            "autoload": {
                "psr-4": {
                    "ChannelEngineApiClient\\": "src/ChannelEngineApiClient/"
                }
            },
            "notification-url": "https://packagist.org/downloads/",
            "license": [
                "MIT"
            ],
            "authors": [
                {
                    "name": "Christiaan de Ridder",
                    "email": "christiaan@tritac.com"
                }
            ],
            "description": "ChannelEngine API Client for PHP",
            "time": "2016-11-23 10:13:42"
        }
    ],
    "packages-dev": [],
    "aliases": [],
    "minimum-stability": "stable",
    "stability-flags": {
        "channelengine/api-client-php": 20
    },
    "prefer-stable": false,
    "prefer-lowest": false,
    "platform": {
        "php": ">=5.3.2"
    },
    "platform-dev": []
}
